
Microsoft Visual Studio Solution File, Format Version 12.00
# Visual Studio Version 17
VisualStudioVersion = 17.11.35327.3
MinimumVisualStudioVersion = 10.0.40219.1
Project("{FAE04EC0-301F-11D3-BF4B-00C04F79EFBC}") = "ProyectoDeportivoCostaRica", "ProyectoDeportivoCostaRica\ProyectoDeportivoCostaRica.csproj", "{2A6A6D92-38CD-4BCB-BB42-9C847160638E}"
EndProject
Global
	GlobalSection(SolutionConfigurationPlatforms) = preSolution
		Debug|Any CPU = Debug|Any CPU
		Release|Any CPU = Release|Any CPU
	EndGlobalSection
	GlobalSection(ProjectConfigurationPlatforms) = postSolution
		{2A6A6D92-38CD-4BCB-BB42-9C847160638E}.Debug|Any CPU.ActiveCfg = Debug|Any CPU
		{2A6A6D92-38CD-4BCB-BB42-9C847160638E}.Debug|Any CPU.Build.0 = Debug|Any CPU
		{2A6A6D92-38CD-4BCB-BB42-9C847160638E}.Release|Any CPU.ActiveCfg = Release|Any CPU
		{2A6A6D92-38CD-4BCB-BB42-9C847160638E}.Release|Any CPU.Build.0 = Release|Any CPU
	EndGlobalSection
	GlobalSection(SolutionProperties) = preSolution
		HideSolutionNode = FALSE
	EndGlobalSection
	GlobalSection(ExtensibilityGlobals) = postSolution
		SolutionGuid = {EF54873D-75BF-4A17-B634-7AC7C73D23FA}
	EndGlobalSection
EndGlobal
